
Microsoft Visual Studio Solution File, Format Version 12.00
# Visual Studio Version 17
VisualStudioVersion = 17.7.34009.444
MinimumVisualStudioVersion = 10.0.40219.1
Project("{9A19103F-16F7-4668-BE54-9A1E7A4F7556}") = "DataAccess", "DataAccess\DataAccess.csproj", "{EA37E87F-6859-4D82-95E8-FD683E58AE91}"
EndProject
Project("{9A19103F-16F7-4668-BE54-9A1E7A4F7556}") = "Business", "Business\Business.csproj", "{9D2EF07C-B4D5-42D8-9AC1-352F9DC39690}"
EndProject
Project("{9A19103F-16F7-4668-BE54-9A1E7A4F7556}") = "Entities", "Entities\Entities.csproj", "{2E9FE63B-2A10-4463-B24C-55AE15ACEB52}"
EndProject
Project("{9A19103F-16F7-4668-BE54-9A1E7A4F7556}") = "ConsoleUI", "ConsoleUI\ConsoleUI.csproj", "{A45079C9-8A34-4F0A-B4A0-8655125FFE43}"
EndProject
Project("{9A19103F-16F7-4668-BE54-9A1E7A4F7556}") = "Core", "Core\Core.csproj", "{2312FFA7-9908-4829-83B5-9F5FC3EAFD38}"
EndProject
Project("{FAE04EC0-301F-11D3-BF4B-00C04F79EFBC}") = "WebAPI", "WebAPI\WebAPI.csproj", "{33ACB624-519A-4D38-930C-A0967DF9DD69}"
EndProject
Global
	GlobalSection(SolutionConfigurationPlatforms) = preSolution
		Debug|Any CPU = Debug|Any CPU
		Release|Any CPU = Release|Any CPU
	EndGlobalSection
	GlobalSection(ProjectConfigurationPlatforms) = postSolution
		{EA37E87F-6859-4D82-95E8-FD683E58AE91}.Debug|Any CPU.ActiveCfg = Debug|Any CPU
		{EA37E87F-6859-4D82-95E8-FD683E58AE91}.Debug|Any CPU.Build.0 = Debug|Any CPU
		{EA37E87F-6859-4D82-95E8-FD683E58AE91}.Release|Any CPU.ActiveCfg = Release|Any CPU
		{EA37E87F-6859-4D82-95E8-FD683E58AE91}.Release|Any CPU.Build.0 = Release|Any CPU
		{9D2EF07C-B4D5-42D8-9AC1-352F9DC39690}.Debug|Any CPU.ActiveCfg = Debug|Any CPU
		{9D2EF07C-B4D5-42D8-9AC1-352F9DC39690}.Debug|Any CPU.Build.0 = Debug|Any CPU
		{9D2EF07C-B4D5-42D8-9AC1-352F9DC39690}.Release|Any CPU.ActiveCfg = Release|Any CPU
		{9D2EF07C-B4D5-42D8-9AC1-352F9DC39690}.Release|Any CPU.Build.0 = Release|Any CPU
		{2E9FE63B-2A10-4463-B24C-55AE15ACEB52}.Debug|Any CPU.ActiveCfg = Debug|Any CPU
		{2E9FE63B-2A10-4463-B24C-55AE15ACEB52}.Debug|Any CPU.Build.0 = Debug|Any CPU
		{2E9FE63B-2A10-4463-B24C-55AE15ACEB52}.Release|Any CPU.ActiveCfg = Release|Any CPU
		{2E9FE63B-2A10-4463-B24C-55AE15ACEB52}.Release|Any CPU.Build.0 = Release|Any CPU
		{A45079C9-8A34-4F0A-B4A0-8655125FFE43}.Debug|Any CPU.ActiveCfg = Debug|Any CPU
		{A45079C9-8A34-4F0A-B4A0-8655125FFE43}.Debug|Any CPU.Build.0 = Debug|Any CPU
		{A45079C9-8A34-4F0A-B4A0-8655125FFE43}.Release|Any CPU.ActiveCfg = Release|Any CPU
		{A45079C9-8A34-4F0A-B4A0-8655125FFE43}.Release|Any CPU.Build.0 = Release|Any CPU
		{2312FFA7-9908-4829-83B5-9F5FC3EAFD38}.Debug|Any CPU.ActiveCfg = Debug|Any CPU
		{2312FFA7-9908-4829-83B5-9F5FC3EAFD38}.Debug|Any CPU.Build.0 = Debug|Any CPU
		{2312FFA7-9908-4829-83B5-9F5FC3EAFD38}.Release|Any CPU.ActiveCfg = Release|Any CPU
		{2312FFA7-9908-4829-83B5-9F5FC3EAFD38}.Release|Any CPU.Build.0 = Release|Any CPU
		{33ACB624-519A-4D38-930C-A0967DF9DD69}.Debug|Any CPU.ActiveCfg = Debug|Any CPU
		{33ACB624-519A-4D38-930C-A0967DF9DD69}.Debug|Any CPU.Build.0 = Debug|Any CPU
		{33ACB624-519A-4D38-930C-A0967DF9DD69}.Release|Any CPU.ActiveCfg = Release|Any CPU
		{33ACB624-519A-4D38-930C-A0967DF9DD69}.Release|Any CPU.Build.0 = Release|Any CPU
	EndGlobalSection
	GlobalSection(SolutionProperties) = preSolution
		HideSolutionNode = FALSE
	EndGlobalSection
	GlobalSection(ExtensibilityGlobals) = postSolution
		SolutionGuid = {800BA43B-29C4-4B9F-B3BC-945606AD502D}
	EndGlobalSection
EndGlobal
